
Microsoft Visual Studio Solution File, Format Version 12.00
# Visual Studio Version 17
VisualStudioVersion = 17.8.34525.116
MinimumVisualStudioVersion = 10.0.40219.1
Project("{FAE04EC0-301F-11D3-BF4B-00C04F79EFBC}") = "API_HOSPITAL", "API_HOSPITAL\API_HOSPITAL.csproj", "{0F00E2F9-1699-4C2B-B8A2-C6F91BA273A7}"
EndProject
Global
	GlobalSection(SolutionConfigurationPlatforms) = preSolution
		Debug|Any CPU = Debug|Any CPU
		Release|Any CPU = Release|Any CPU
	EndGlobalSection
	GlobalSection(ProjectConfigurationPlatforms) = postSolution
		{0F00E2F9-1699-4C2B-B8A2-C6F91BA273A7}.Debug|Any CPU.ActiveCfg = Debug|Any CPU
		{0F00E2F9-1699-4C2B-B8A2-C6F91BA273A7}.Debug|Any CPU.Build.0 = Debug|Any CPU
		{0F00E2F9-1699-4C2B-B8A2-C6F91BA273A7}.Release|Any CPU.ActiveCfg = Release|Any CPU
		{0F00E2F9-1699-4C2B-B8A2-C6F91BA273A7}.Release|Any CPU.Build.0 = Release|Any CPU
	EndGlobalSection
	GlobalSection(SolutionProperties) = preSolution
		HideSolutionNode = FALSE
	EndGlobalSection
	GlobalSection(ExtensibilityGlobals) = postSolution
		SolutionGuid = {A4997915-16ED-4B92-A8B5-4200A28CB291}
	EndGlobalSection
EndGlobal
